
Microsoft Visual Studio Solution File, Format Version 12.00
# Visual Studio Version 17
VisualStudioVersion = 17.7.34031.279
MinimumVisualStudioVersion = 10.0.40219.1
Project("{FAE04EC0-301F-11D3-BF4B-00C04F79EFBC}") = "ejemplo2", "ejemplo2\ejemplo2.csproj", "{78AA7A9F-C0A5-4A1E-B87F-4CB6849C6148}"
EndProject
Global
	GlobalSection(SolutionConfigurationPlatforms) = preSolution
		Debug|Any CPU = Debug|Any CPU
		Release|Any CPU = Release|Any CPU
	EndGlobalSection
	GlobalSection(ProjectConfigurationPlatforms) = postSolution
		{78AA7A9F-C0A5-4A1E-B87F-4CB6849C6148}.Debug|Any CPU.ActiveCfg = Debug|Any CPU
		{78AA7A9F-C0A5-4A1E-B87F-4CB6849C6148}.Debug|Any CPU.Build.0 = Debug|Any CPU
		{78AA7A9F-C0A5-4A1E-B87F-4CB6849C6148}.Release|Any CPU.ActiveCfg = Release|Any CPU
		{78AA7A9F-C0A5-4A1E-B87F-4CB6849C6148}.Release|Any CPU.Build.0 = Release|Any CPU
	EndGlobalSection
	GlobalSection(SolutionProperties) = preSolution
		HideSolutionNode = FALSE
	EndGlobalSection
	GlobalSection(ExtensibilityGlobals) = postSolution
		SolutionGuid = {F263F0D9-1649-4013-842C-6E85C57C28FE}
	EndGlobalSection
EndGlobal
